{
  "name": "Web App",
  "lockfileVersion": 2,
  "requires": true,
  "packages": {
    "": {
      "dependencies": {
        "chart.js": "^4.3.0",
        "leaflet-choropleth": "^1.1.4",
        "leaflet-draw": "^1.0.4"
      }
    },
    "node_modules/@kurkle/color": {
      "version": "0.3.2",
      "resolved": "https://registry.npmjs.org/@kurkle/color/-/color-0.3.2.tgz",
      "integrity": "sha512-fuscdXJ9G1qb7W8VdHi+IwRqij3lBkosAm4ydQtEmbY58OzHXqQhvlxqEkoz0yssNVn38bcpRWgA9PP+OGoisw=="
    },
    "node_modules/chart.js": {
      "version": "4.3.0",
      "resolved": "https://registry.npmjs.org/chart.js/-/chart.js-4.3.0.tgz",
      "integrity": "sha512-ynG0E79xGfMaV2xAHdbhwiPLczxnNNnasrmPEXriXsPJGjmhOBYzFVEsB65w2qMDz+CaBJJuJD0inE/ab/h36g==",
      "dependencies": {
        "@kurkle/color": "^0.3.0"
      },
      "engines": {
        "pnpm": ">=7"
      }
    },
    "node_modules/chroma-js": {
      "version": "1.4.1",
      "resolved": "https://registry.npmjs.org/chroma-js/-/chroma-js-1.4.1.tgz",
      "integrity": "sha512-jTwQiT859RTFN/vIf7s+Vl/Z2LcMrvMv3WUFmd/4u76AdlFC0NTNgqEEFPcRiHmAswPsMiQEDZLM8vX8qXpZNQ=="
    },
    "node_modules/leaflet": {
      "version": "1.9.4",
      "resolved": "https://registry.npmjs.org/leaflet/-/leaflet-1.9.4.tgz",
      "integrity": "sha512-nxS1ynzJOmOlHp+iL3FyWqK89GtNL8U8rvlMOsQdTTssxZwCXh8N2NB3GDQOL+YR3XnWyZAxwQixURb+FA74PA=="
    },
    "node_modules/leaflet-choropleth": {
      "version": "1.1.4",
      "resolved": "https://registry.npmjs.org/leaflet-choropleth/-/leaflet-choropleth-1.1.4.tgz",
      "integrity": "sha512-ySOwkeIToJHgELztPu7KhXsM6i207GyIBlnUKW67UnF+HXp11XlRGiyMG7tHCCaxlhA/kqYrt7tkmknwqVUjxA==",
      "dependencies": {
        "chroma-js": "^1.1.1",
        "leaflet": "^1.0.2",
        "lodash": "^4.17.4"
      }
    },
    "node_modules/leaflet-draw": {
      "version": "1.0.4",
      "resolved": "https://registry.npmjs.org/leaflet-draw/-/leaflet-draw-1.0.4.tgz",
      "integrity": "sha512-rsQ6saQO5ST5Aj6XRFylr5zvarWgzWnrg46zQ1MEOEIHsppdC/8hnN8qMoFvACsPvTioAuysya/TVtog15tyAQ=="
    },
    "node_modules/lodash": {
      "version": "4.17.21",
      "resolved": "https://registry.npmjs.org/lodash/-/lodash-4.17.21.tgz",
      "integrity": "sha512-v2kDEe57lecTulaDIuNTPy3Ry4gLGJ6Z1O3vE1krgXZNrsQ+LFTGHVxVjcXPs17LhbZVGedAJv8XZ1tvj5FvSg=="
    }
  },
  "dependencies": {
    "@kurkle/color": {
      "version": "0.3.2",
      "resolved": "https://registry.npmjs.org/@kurkle/color/-/color-0.3.2.tgz",
      "integrity": "sha512-fuscdXJ9G1qb7W8VdHi+IwRqij3lBkosAm4ydQtEmbY58OzHXqQhvlxqEkoz0yssNVn38bcpRWgA9PP+OGoisw=="
    },
    "chart.js": {
      "version": "4.3.0",
      "resolved": "https://registry.npmjs.org/chart.js/-/chart.js-4.3.0.tgz",
      "integrity": "sha512-ynG0E79xGfMaV2xAHdbhwiPLczxnNNnasrmPEXriXsPJGjmhOBYzFVEsB65w2qMDz+CaBJJuJD0inE/ab/h36g==",
      "requires": {
        "@kurkle/color": "^0.3.0"
      }
    },
    "chroma-js": {
      "version": "1.4.1",
      "resolved": "https://registry.npmjs.org/chroma-js/-/chroma-js-1.4.1.tgz",
      "integrity": "sha512-jTwQiT859RTFN/vIf7s+Vl/Z2LcMrvMv3WUFmd/4u76AdlFC0NTNgqEEFPcRiHmAswPsMiQEDZLM8vX8qXpZNQ=="
    },
    "leaflet": {
      "version": "1.9.4",
      "resolved": "https://registry.npmjs.org/leaflet/-/leaflet-1.9.4.tgz",
      "integrity": "sha512-nxS1ynzJOmOlHp+iL3FyWqK89GtNL8U8rvlMOsQdTTssxZwCXh8N2NB3GDQOL+YR3XnWyZAxwQixURb+FA74PA=="
    },
    "leaflet-choropleth": {
      "version": "1.1.4",
      "resolved": "https://registry.npmjs.org/leaflet-choropleth/-/leaflet-choropleth-1.1.4.tgz",
      "integrity": "sha512-ySOwkeIToJHgELztPu7KhXsM6i207GyIBlnUKW67UnF+HXp11XlRGiyMG7tHCCaxlhA/kqYrt7tkmknwqVUjxA==",
      "requires": {
        "chroma-js": "^1.1.1",
        "leaflet": "^1.0.2",
        "lodash": "^4.17.4"
      }
    },
    "leaflet-draw": {
      "version": "1.0.4",
      "resolved": "https://registry.npmjs.org/leaflet-draw/-/leaflet-draw-1.0.4.tgz",
      "integrity": "sha512-rsQ6saQO5ST5Aj6XRFylr5zvarWgzWnrg46zQ1MEOEIHsppdC/8hnN8qMoFvACsPvTioAuysya/TVtog15tyAQ=="
    },
    "lodash": {
      "version": "4.17.21",
      "resolved": "https://registry.npmjs.org/lodash/-/lodash-4.17.21.tgz",
      "integrity": "sha512-v2kDEe57lecTulaDIuNTPy3Ry4gLGJ6Z1O3vE1krgXZNrsQ+LFTGHVxVjcXPs17LhbZVGedAJv8XZ1tvj5FvSg=="
    }
  }
}
